<?xml version="1.0" encoding="utf-8"?>
<Project ToolsVersion="4.0" xmlns="http://schemas.microsoft.com/developer/msbuild/2003">
  <ItemGroup>
    <Filter Include="Kaynak Dosyalar">
      <UniqueIdentifier>{4FC737F1-C7A5-4376-A066-2A32D752A2FF}</UniqueIdentifier>
      <Extensions>cpp;c;cc;cxx;c++;cppm;ixx;def;odl;idl;hpj;bat;asm;asmx</Extensions>
    </Filter>
    <Filter Include="Üst Bilgi Dosyaları">
      <UniqueIdentifier>{93995380-89BD-4b04-88EB-625FBE52EBFB}</UniqueIdentifier>
      <Extensions>h;hh;hpp;hxx;h++;hm;inl;inc;ipp;xsd</Extensions>
    </Filter>
    <Filter Include="Kaynak Dosyaları">
      <UniqueIdentifier>{67DA6AB6-F800-4c08-8B7A-83BB121AAD01}</UniqueIdentifier>
      <Extensions>rc;ico;cur;bmp;dlg;rc2;rct;bin;rgs;gif;jpg;jpeg;jpe;resx;tiff;tif;png;wav;mfcribbon-ms</Extensions>
    </Filter>
    <Filter Include="kaynaklar">
      <UniqueIdentifier>{35b7be4e-ba7a-4c3c-acb8-44f31c5bd426}</UniqueIdentifier>
    </Filter>
  </ItemGroup>
  <ItemGroup>
    <ClInclude Include="TensorStorage.h">
      <Filter>Kaynak Dosyaları</Filter>
    </ClInclude>
    <ClInclude Include="TensorShape.h">
      <Filter>Kaynak Dosyaları</Filter>
    </ClInclude>
    <ClInclude Include="TensorStrides.h">
      <Filter>Kaynak Dosyaları</Filter>
    </ClInclude>
    <ClInclude Include="Tensor.h">
      <Filter>Kaynak Dosyaları</Filter>
    </ClInclude>
    <ClInclude Include="TensorOps.h">
      <Filter>Kaynak Dosyaları</Filter>
    </ClInclude>
    <ClInclude Include="TensorView.h">
      <Filter>Kaynak Dosyaları</Filter>
    </ClInclude>
    <ClInclude Include="TensorMath.h">
      <Filter>Kaynak Dosyaları</Filter>
    </ClInclude>
    <ClInclude Include="TensorIndex.h">
      <Filter>Kaynak Dosyaları</Filter>
    </ClInclude>
    <ClInclude Include="TensorIterator.h">
      <Filter>Kaynak Dosyaları</Filter>
    </ClInclude>
    <ClInclude Include="DeviceType.h">
      <Filter>Kaynak Dosyaları</Filter>
    </ClInclude>
    <ClInclude Include="DataType.h">
      <Filter>Kaynak Dosyaları</Filter>
    </ClInclude>
    <ClInclude Include="MemoryAllocator.h">
      <Filter>Kaynak Dosyaları</Filter>
    </ClInclude>
    <ClInclude Include="TensorBroadcast.h">
      <Filter>Kaynak Dosyaları</Filter>
    </ClInclude>
    <ClInclude Include="TensorException.h">
      <Filter>Kaynak Dosyaları</Filter>
    </ClInclude>
    <ClInclude Include="TensorSerializer.h">
      <Filter>Kaynak Dosyaları</Filter>
    </ClInclude>
    <ClInclude Include="TensorPrinter.h">
      <Filter>Kaynak Dosyaları</Filter>
    </ClInclude>
    <ClInclude Include="TensorReduction.h">
      <Filter>Kaynak Dosyaları</Filter>
    </ClInclude>
    <ClInclude Include="TensorReshape.h">
      <Filter>Kaynak Dosyaları</Filter>
    </ClInclude>
    <ClInclude Include="TensorInitializers.h">
      <Filter>Kaynak Dosyaları</Filter>
    </ClInclude>
    <ClInclude Include="ForwardModule.h">
      <Filter>Kaynak Dosyaları</Filter>
    </ClInclude>
    <ClInclude Include="LinearForward.h">
      <Filter>Kaynak Dosyaları</Filter>
    </ClInclude>
    <ClInclude Include="ActivationForward.h">
      <Filter>Kaynak Dosyaları</Filter>
    </ClInclude>
    <ClInclude Include="ConvolutionForward.h">
      <Filter>Kaynak Dosyaları</Filter>
    </ClInclude>
    <ClInclude Include="Sequential.h">
      <Filter>Kaynak Dosyaları</Filter>
    </ClInclude>
    <ClInclude Include="TensorGrad.h">
      <Filter>Kaynak Dosyaları</Filter>
    </ClInclude>
    <ClInclude Include="ReplayBuffer.h">
      <Filter>Kaynak Dosyaları</Filter>
    </ClInclude>
    <ClInclude Include="PrioritizedReplayBuffer.h">
      <Filter>Kaynak Dosyaları</Filter>
    </ClInclude>
    <ClInclude Include="TensorNN.h">
      <Filter>Kaynak Dosyaları</Filter>
    </ClInclude>
    <ClInclude Include="DQNAgent.h">
      <Filter>Kaynak Dosyaları</Filter>
    </ClInclude>
    <ClInclude Include="NeuralNetwork.h">
      <Filter>kaynaklar</Filter>
    </ClInclude>
    <ClInclude Include="OptimizersAdvanced.h">
      <Filter>kaynaklar</Filter>
    </ClInclude>
    <ClInclude Include="TensorLayers.h">
      <Filter>kaynaklar</Filter>
    </ClInclude>
    <ClInclude Include="Optimizer.h">
      <Filter>kaynaklar</Filter>
    </ClInclude>
    <ClInclude Include="activation.h">
      <Filter>kaynaklar</Filter>
    </ClInclude>
    <ClInclude Include="autograd.h">
      <Filter>kaynaklar</Filter>
    </ClInclude>
    <ClInclude Include="math_utils.h">
      <Filter>kaynaklar</Filter>
    </ClInclude>
    <ClInclude Include="device.h">
      <Filter>kaynaklar</Filter>
    </ClInclude>
    <ClInclude Include="checkpoint.h">
      <Filter>kaynaklar</Filter>
    </ClInclude>
    <ClInclude Include="metrics.h">
      <Filter>kaynaklar</Filter>
    </ClInclude>
    <ClInclude Include="TensorCore.h">
      <Filter>Kaynak Dosyaları</Filter>
    </ClInclude>
    <ClInclude Include="EnhancedMath.h">
      <Filter>kaynaklar</Filter>
    </ClInclude>
    <ClInclude Include="logger.h">
      <Filter>kaynaklar</Filter>
    </ClInclude>
    <ClInclude Include="metrics_compat.h">
      <Filter>Kaynak Dosyalar</Filter>
    </ClInclude>
  </ItemGroup>
  <ItemGroup>
    <ClCompile Include="main.cpp">
      <Filter>Kaynak Dosyalar</Filter>
    </ClCompile>
  </ItemGroup>
</Project>